
Microsoft Visual Studio Solution File, Format Version 12.00
Project("{FAE04EC0-301F-11D3-BF4B-00C04F79EFBC}") = "BubbleSort", "BubbleSort\BubbleSort.csproj", "{D5DB778B-51EB-452D-AFE8-C62E18F3BD8B}"
EndProject
Project("{FAE04EC0-301F-11D3-BF4B-00C04F79EFBC}") = "QuickSortWithRightPivot", "QuickSortWithRightPivot\QuickSortWithRightPivot.csproj", "{EAB15B60-B702-4AD3-A31F-E5330AB99B7A}"
EndProject
Project("{FAE04EC0-301F-11D3-BF4B-00C04F79EFBC}") = "Common", "Common\Common.csproj", "{64DD5A4A-DF4F-4BF0-9FBB-23F794B7547A}"
EndProject
Project("{FAE04EC0-301F-11D3-BF4B-00C04F79EFBC}") = "QuickSortWithMiddlePivot", "QuickSortWithMiddlePivot\QuickSortWithMiddlePivot.csproj", "{C50A0816-F387-4A37-A851-E4AD9792269E}"
EndProject
Project("{FAE04EC0-301F-11D3-BF4B-00C04F79EFBC}") = "InsertionSort", "InsertionSort\InsertionSort.csproj", "{E8B51FB4-BE64-4626-A4C4-C209620772FB}"
EndProject
Project("{FAE04EC0-301F-11D3-BF4B-00C04F79EFBC}") = "CountSort", "CountSort\CountSort.csproj", "{ADD64BD6-34CC-4320-AB30-DBEB0BA01F26}"
Project("{FAE04EC0-301F-11D3-BF4B-00C04F79EFBC}") = "MergeSort", "MergeSort\MergeSort.csproj", "{71C8674A-DED6-4C79-823C-8A3F0B8CFE08}"
EndProject
Project("{FAE04EC0-301F-11D3-BF4B-00C04F79EFBC}") = "BFS", "BFS\BFS.csproj", "{4C06C1EF-ABA0-44A3-A64B-7165471B95B7}"
EndProject
Project("{FAE04EC0-301F-11D3-BF4B-00C04F79EFBC}") = "DFS", "DFS\DFS.csproj", "{F580EE8C-9C6F-4FEE-9B99-B18F27120445}"
EndProject
Project("{FAE04EC0-301F-11D3-BF4B-00C04F79EFBC}") = "BinaryTree", "BinaryTree\BinaryTree.csproj", "{3BE79E1A-A3BF-4512-B532-A2586A51B231}"
EndProject
Project("{2150E333-8FDC-42A3-9474-1A3956D46DE8}") = "Search", "Search", "{8318AA68-1C35-4F58-9192-F0EB1CF99A4E}"
EndProject
Project("{2150E333-8FDC-42A3-9474-1A3956D46DE8}") = "Sort", "Sort", "{C37A399C-4A5E-4E2F-A4D6-D29F76A8CBA5}"
EndProject
Global
	GlobalSection(SolutionConfigurationPlatforms) = preSolution
		Debug|Any CPU = Debug|Any CPU
		Release|Any CPU = Release|Any CPU
	EndGlobalSection
	GlobalSection(ProjectConfigurationPlatforms) = postSolution
		{D5DB778B-51EB-452D-AFE8-C62E18F3BD8B}.Debug|Any CPU.ActiveCfg = Debug|Any CPU
		{D5DB778B-51EB-452D-AFE8-C62E18F3BD8B}.Debug|Any CPU.Build.0 = Debug|Any CPU
		{D5DB778B-51EB-452D-AFE8-C62E18F3BD8B}.Release|Any CPU.ActiveCfg = Release|Any CPU
		{D5DB778B-51EB-452D-AFE8-C62E18F3BD8B}.Release|Any CPU.Build.0 = Release|Any CPU
		{EAB15B60-B702-4AD3-A31F-E5330AB99B7A}.Debug|Any CPU.ActiveCfg = Debug|Any CPU
		{EAB15B60-B702-4AD3-A31F-E5330AB99B7A}.Debug|Any CPU.Build.0 = Debug|Any CPU
		{EAB15B60-B702-4AD3-A31F-E5330AB99B7A}.Release|Any CPU.ActiveCfg = Release|Any CPU
		{EAB15B60-B702-4AD3-A31F-E5330AB99B7A}.Release|Any CPU.Build.0 = Release|Any CPU
		{64DD5A4A-DF4F-4BF0-9FBB-23F794B7547A}.Debug|Any CPU.ActiveCfg = Debug|Any CPU
		{64DD5A4A-DF4F-4BF0-9FBB-23F794B7547A}.Debug|Any CPU.Build.0 = Debug|Any CPU
		{64DD5A4A-DF4F-4BF0-9FBB-23F794B7547A}.Release|Any CPU.ActiveCfg = Release|Any CPU
		{64DD5A4A-DF4F-4BF0-9FBB-23F794B7547A}.Release|Any CPU.Build.0 = Release|Any CPU
		{C50A0816-F387-4A37-A851-E4AD9792269E}.Debug|Any CPU.ActiveCfg = Debug|Any CPU
		{C50A0816-F387-4A37-A851-E4AD9792269E}.Debug|Any CPU.Build.0 = Debug|Any CPU
		{C50A0816-F387-4A37-A851-E4AD9792269E}.Release|Any CPU.ActiveCfg = Release|Any CPU
		{C50A0816-F387-4A37-A851-E4AD9792269E}.Release|Any CPU.Build.0 = Release|Any CPU
		{E8B51FB4-BE64-4626-A4C4-C209620772FB}.Debug|Any CPU.ActiveCfg = Debug|Any CPU
		{E8B51FB4-BE64-4626-A4C4-C209620772FB}.Debug|Any CPU.Build.0 = Debug|Any CPU
		{E8B51FB4-BE64-4626-A4C4-C209620772FB}.Release|Any CPU.ActiveCfg = Release|Any CPU
		{E8B51FB4-BE64-4626-A4C4-C209620772FB}.Release|Any CPU.Build.0 = Release|Any CPU
		{ADD64BD6-34CC-4320-AB30-DBEB0BA01F26}.Debug|Any CPU.ActiveCfg = Debug|Any CPU
		{ADD64BD6-34CC-4320-AB30-DBEB0BA01F26}.Debug|Any CPU.Build.0 = Debug|Any CPU
		{ADD64BD6-34CC-4320-AB30-DBEB0BA01F26}.Release|Any CPU.ActiveCfg = Release|Any CPU
		{ADD64BD6-34CC-4320-AB30-DBEB0BA01F26}.Release|Any CPU.Build.0 = Release|Any CPU
		{71C8674A-DED6-4C79-823C-8A3F0B8CFE08}.Debug|Any CPU.ActiveCfg = Debug|Any CPU
		{71C8674A-DED6-4C79-823C-8A3F0B8CFE08}.Debug|Any CPU.Build.0 = Debug|Any CPU
		{71C8674A-DED6-4C79-823C-8A3F0B8CFE08}.Release|Any CPU.ActiveCfg = Release|Any CPU
		{71C8674A-DED6-4C79-823C-8A3F0B8CFE08}.Release|Any CPU.Build.0 = Release|Any CPU
		{4C06C1EF-ABA0-44A3-A64B-7165471B95B7}.Debug|Any CPU.ActiveCfg = Debug|Any CPU
		{4C06C1EF-ABA0-44A3-A64B-7165471B95B7}.Debug|Any CPU.Build.0 = Debug|Any CPU
		{4C06C1EF-ABA0-44A3-A64B-7165471B95B7}.Release|Any CPU.ActiveCfg = Release|Any CPU
		{4C06C1EF-ABA0-44A3-A64B-7165471B95B7}.Release|Any CPU.Build.0 = Release|Any CPU
		{F580EE8C-9C6F-4FEE-9B99-B18F27120445}.Debug|Any CPU.ActiveCfg = Debug|Any CPU
		{F580EE8C-9C6F-4FEE-9B99-B18F27120445}.Debug|Any CPU.Build.0 = Debug|Any CPU
		{F580EE8C-9C6F-4FEE-9B99-B18F27120445}.Release|Any CPU.ActiveCfg = Release|Any CPU
		{F580EE8C-9C6F-4FEE-9B99-B18F27120445}.Release|Any CPU.Build.0 = Release|Any CPU
		{3BE79E1A-A3BF-4512-B532-A2586A51B231}.Debug|Any CPU.ActiveCfg = Debug|Any CPU
		{3BE79E1A-A3BF-4512-B532-A2586A51B231}.Debug|Any CPU.Build.0 = Debug|Any CPU
		{3BE79E1A-A3BF-4512-B532-A2586A51B231}.Release|Any CPU.ActiveCfg = Release|Any CPU
		{3BE79E1A-A3BF-4512-B532-A2586A51B231}.Release|Any CPU.Build.0 = Release|Any CPU
	EndGlobalSection
	GlobalSection(NestedProjects) = preSolution
		{4C06C1EF-ABA0-44A3-A64B-7165471B95B7} = {8318AA68-1C35-4F58-9192-F0EB1CF99A4E}
		{F580EE8C-9C6F-4FEE-9B99-B18F27120445} = {8318AA68-1C35-4F58-9192-F0EB1CF99A4E}
		{3BE79E1A-A3BF-4512-B532-A2586A51B231} = {8318AA68-1C35-4F58-9192-F0EB1CF99A4E}
		{D5DB778B-51EB-452D-AFE8-C62E18F3BD8B} = {C37A399C-4A5E-4E2F-A4D6-D29F76A8CBA5}
		{64DD5A4A-DF4F-4BF0-9FBB-23F794B7547A} = {C37A399C-4A5E-4E2F-A4D6-D29F76A8CBA5}
		{71C8674A-DED6-4C79-823C-8A3F0B8CFE08} = {C37A399C-4A5E-4E2F-A4D6-D29F76A8CBA5}
		{C50A0816-F387-4A37-A851-E4AD9792269E} = {C37A399C-4A5E-4E2F-A4D6-D29F76A8CBA5}
		{EAB15B60-B702-4AD3-A31F-E5330AB99B7A} = {C37A399C-4A5E-4E2F-A4D6-D29F76A8CBA5}
	EndGlobalSection
EndGlobal
